
Microsoft Visual Studio Solution File, Format Version 12.00
# Visual Studio Version 17
VisualStudioVersion = 17.8.34330.188
MinimumVisualStudioVersion = 10.0.40219.1
Project("{FAE04EC0-301F-11D3-BF4B-00C04F79EFBC}") = "NoHemogenFarmMedicalAlert", "NoHemogenFarmMedicalAlert.csproj", "{0727AC1D-6DC3-44A7-9706-850320A6D38F}"
EndProject
Global
	GlobalSection(SolutionConfigurationPlatforms) = preSolution
		1.1|Any CPU = 1.1|Any CPU
		1.4|Any CPU = 1.4|Any CPU
		1.5|Any CPU = 1.5|Any CPU
		1.6|Any CPU = 1.6|Any CPU
		1.6 Debug|Any CPU = 1.6 Debug|Any CPU
		1.2|Any CPU = 1.2|Any CPU
		1.3|Any CPU = 1.3|Any CPU
	EndGlobalSection
	GlobalSection(ProjectConfigurationPlatforms) = postSolution
		{0727AC1D-6DC3-44A7-9706-850320A6D38F}.1.1|Any CPU.ActiveCfg = 1.1|Any CPU
		{0727AC1D-6DC3-44A7-9706-850320A6D38F}.1.1|Any CPU.Build.0 = 1.1|Any CPU
		{0727AC1D-6DC3-44A7-9706-850320A6D38F}.1.4|Any CPU.ActiveCfg = 1.4|Any CPU
		{0727AC1D-6DC3-44A7-9706-850320A6D38F}.1.4|Any CPU.Build.0 = 1.4|Any CPU
		{0727AC1D-6DC3-44A7-9706-850320A6D38F}.1.5|Any CPU.ActiveCfg = 1.5|Any CPU
		{0727AC1D-6DC3-44A7-9706-850320A6D38F}.1.5|Any CPU.Build.0 = 1.5|Any CPU
		{0727AC1D-6DC3-44A7-9706-850320A6D38F}.1.6|Any CPU.ActiveCfg = 1.6|Any CPU
		{0727AC1D-6DC3-44A7-9706-850320A6D38F}.1.6|Any CPU.Build.0 = 1.6|Any CPU
		{0727AC1D-6DC3-44A7-9706-850320A6D38F}.1.6 Debug|Any CPU.ActiveCfg = 1.6 Debug|Any CPU
		{0727AC1D-6DC3-44A7-9706-850320A6D38F}.1.6 Debug|Any CPU.Build.0 = 1.6 Debug|Any CPU
		{0727AC1D-6DC3-44A7-9706-850320A6D38F}.1.2|Any CPU.ActiveCfg = 1.2|Any CPU
		{0727AC1D-6DC3-44A7-9706-850320A6D38F}.1.2|Any CPU.Build.0 = 1.2|Any CPU
		{0727AC1D-6DC3-44A7-9706-850320A6D38F}.1.3|Any CPU.ActiveCfg = 1.3|Any CPU
		{0727AC1D-6DC3-44A7-9706-850320A6D38F}.1.3|Any CPU.Build.0 = 1.3|Any CPU
	EndGlobalSection
	GlobalSection(SolutionProperties) = preSolution
		HideSolutionNode = FALSE
	EndGlobalSection
	GlobalSection(ExtensibilityGlobals) = postSolution
		SolutionGuid = {D7079E8D-8BEE-49FD-AD02-B84A96881032}
	EndGlobalSection
EndGlobal
